
Microsoft Visual Studio Solution File, Format Version 9.00
# Visual Studio 2005
Project("{1863889A-00DF-4350-BA39-669CA949CB81}") = "mcmon", "..\..\..\MyDocs\wwwroot\mcmon\mcmon.phpproj", "{2C443325-DBC5-4F19-8F0D-89F7DF77B1AA}"
EndProject
Global
	GlobalSection(SolutionConfigurationPlatforms) = preSolution
		Local|PHP 4 = Local|PHP 4
		Local|PHP 5 = Local|PHP 5
		Remote|PHP 4 = Remote|PHP 4
		Remote|PHP 5 = Remote|PHP 5
	EndGlobalSection
	GlobalSection(ProjectConfigurationPlatforms) = postSolution
		{2C443325-DBC5-4F19-8F0D-89F7DF77B1AA}.Local|PHP 4.ActiveCfg = Local|PHP 4
		{2C443325-DBC5-4F19-8F0D-89F7DF77B1AA}.Local|PHP 4.Deploy.0 = Local|PHP 4
		{2C443325-DBC5-4F19-8F0D-89F7DF77B1AA}.Local|PHP 5.ActiveCfg = Local|PHP 5
		{2C443325-DBC5-4F19-8F0D-89F7DF77B1AA}.Local|PHP 5.Deploy.0 = Local|PHP 5
		{2C443325-DBC5-4F19-8F0D-89F7DF77B1AA}.Remote|PHP 4.ActiveCfg = Remote|PHP 4
		{2C443325-DBC5-4F19-8F0D-89F7DF77B1AA}.Remote|PHP 4.Deploy.0 = Remote|PHP 4
		{2C443325-DBC5-4F19-8F0D-89F7DF77B1AA}.Remote|PHP 5.ActiveCfg = Remote|PHP 5
		{2C443325-DBC5-4F19-8F0D-89F7DF77B1AA}.Remote|PHP 5.Deploy.0 = Remote|PHP 5
	EndGlobalSection
	GlobalSection(SolutionProperties) = preSolution
		HideSolutionNode = FALSE
	EndGlobalSection
EndGlobal
